
Microsoft Visual Studio Solution File, Format Version 12.00
# Visual Studio 15
Project("{FAE04EC0-301F-11D3-BF4B-00C04F79EFBC}") = "ReturnToDayphus", "ReturnToDayphus.csproj", "{020958F5-C026-5CEA-BD05-7BE5702F8B4D}"
EndProject
Project("{FAE04EC0-301F-11D3-BF4B-00C04F79EFBC}") = "ReturnToDayphus.Plugins", "ReturnToDayphus.Plugins.csproj", "{24A4ACF3-2814-939F-812C-99F1B51AB07B}"
EndProject
Project("{FAE04EC0-301F-11D3-BF4B-00C04F79EFBC}") = "ReturnToDayphus.Editor.Plugins", "ReturnToDayphus.Editor.Plugins.csproj", "{E806942A-99EA-471F-5D27-9A8E34C00B16}"
EndProject
Global
	GlobalSection(SolutionConfigurationPlatforms) = preSolution
		Debug|Any CPU = Debug|Any CPU
		Release|Any CPU = Release|Any CPU
	EndGlobalSection
	GlobalSection(ProjectConfigurationPlatforms) = postSolution
		{020958F5-C026-5CEA-BD05-7BE5702F8B4D}.Debug|Any CPU.ActiveCfg = Debug|Any CPU
		{020958F5-C026-5CEA-BD05-7BE5702F8B4D}.Debug|Any CPU.Build.0 = Debug|Any CPU
		{020958F5-C026-5CEA-BD05-7BE5702F8B4D}.Release|Any CPU.ActiveCfg = Release|Any CPU
		{020958F5-C026-5CEA-BD05-7BE5702F8B4D}.Release|Any CPU.Build.0 = Release|Any CPU
		{24A4ACF3-2814-939F-812C-99F1B51AB07B}.Debug|Any CPU.ActiveCfg = Debug|Any CPU
		{24A4ACF3-2814-939F-812C-99F1B51AB07B}.Debug|Any CPU.Build.0 = Debug|Any CPU
		{24A4ACF3-2814-939F-812C-99F1B51AB07B}.Release|Any CPU.ActiveCfg = Release|Any CPU
		{24A4ACF3-2814-939F-812C-99F1B51AB07B}.Release|Any CPU.Build.0 = Release|Any CPU
		{E806942A-99EA-471F-5D27-9A8E34C00B16}.Debug|Any CPU.ActiveCfg = Debug|Any CPU
		{E806942A-99EA-471F-5D27-9A8E34C00B16}.Debug|Any CPU.Build.0 = Debug|Any CPU
		{E806942A-99EA-471F-5D27-9A8E34C00B16}.Release|Any CPU.ActiveCfg = Release|Any CPU
		{E806942A-99EA-471F-5D27-9A8E34C00B16}.Release|Any CPU.Build.0 = Release|Any CPU
	EndGlobalSection
	GlobalSection(SolutionProperties) = preSolution
		HideSolutionNode = FALSE
	EndGlobalSection
EndGlobal
